github.com/google/go-cmp v0.7.0 h1:wk8382ETsv4JYUZwIsn6YpYiWiBsYLSJiTsyBybVuN8=
github.com/google/go-cmp v0.7.0/go.mod h1:pXiqmnSA92OHEEa9HXL2W4E7lf9JzCmGVUdgjX3N/iU=
github.com/subpop/go-adt v0.1.1 h1:cp9xfrVX+dDizeBV1rWmL7o1F0y2gC0LIXmHvwmUlTA=
github.com/subpop/go-adt v0.1.1/go.mod h1:IsV/mWAW/YfO7YMcep/m4Ld4UVOs56M/sqpOTfu9qK8=
