github.com/google/go-cmp v0.6.0 h1:ofyhxvXcZhMsU5ulbFiLKl/XBFqE1GSq7atu8tAmTRI=
github.com/google/go-cmp v0.6.0/go.mod h1:17dUlkBOakJ0+DkrSSNjCkIjxS6bF9zb3elmeNGIjoY=
github.com/subpop/go-adt v0.1.1 h1:cp9xfrVX+dDizeBV1rWmL7o1F0y2gC0LIXmHvwmUlTA=
github.com/subpop/go-adt v0.1.1/go.mod h1:IsV/mWAW/YfO7YMcep/m4Ld4UVOs56M/sqpOTfu9qK8=
