github.com/google/go-cmp v0.3.1 h1:Xye71clBPdm5HgqGwUkwhbynsUJZhDbS20FvLhQ2izg=
github.com/google/go-cmp v0.3.1/go.mod h1:8QqcDgzrUqlUb/G2PQTWiueGozuR1884gddMywk6iLU=
github.com/subpop/go-adt v0.0.0-20191022004211-51b4c62ca8f5 h1:Wa+U4xP0P0UiRTsaUuTZcDH9DRhiyjCSfEdbi/kPorE=
github.com/subpop/go-adt v0.0.0-20191022004211-51b4c62ca8f5/go.mod h1:x9ba6dW92MkQrZba7wmKtZPYVU/LskCrNfaLgF3SxOs=
github.com/subpop/go-adt v0.1.0 h1:K+JAIGfBh6bvxGdqk9TRjc6fVqmQu6JrasDqbOkB1nI=
github.com/subpop/go-adt v0.1.0/go.mod h1:x9ba6dW92MkQrZba7wmKtZPYVU/LskCrNfaLgF3SxOs=
